
Microsoft Visual Studio Solution File, Format Version 12.00
# Visual Studio 15
VisualStudioVersion = 15.0.27004.2002
MinimumVisualStudioVersion = 10.0.40219.1
Project("{FAE04EC0-301F-11D3-BF4B-00C04F79EFBC}") = "0200-Generic-Box", "0200-Generic-Box\0200-Generic-Box.csproj", "{8C230196-BF4A-4B60-879B-F654861B2630}"
EndProject
Project("{FAE04EC0-301F-11D3-BF4B-00C04F79EFBC}") = "0201-Generic-Box-of-String", "0201-Generic-Box-of-String\0201-Generic-Box-of-String.csproj", "{DDE087E2-7577-40C1-A964-B4D8B68D05D0}"
EndProject
Project("{FAE04EC0-301F-11D3-BF4B-00C04F79EFBC}") = "0202-Generic-Box-of-Integer", "0202-Generic-Box-of-Integer\0202-Generic-Box-of-Integer.csproj", "{B352499C-6670-452D-BCC6-43C0FDAF2E00}"
EndProject
Project("{FAE04EC0-301F-11D3-BF4B-00C04F79EFBC}") = "0203-Generic-Swap-Method-Strings", "0203-Generic-Swap-Method-Strings\0203-Generic-Swap-Method-Strings.csproj", "{EE80F46C-0650-4711-8AF9-49ED091D3AA6}"
EndProject
Project("{FAE04EC0-301F-11D3-BF4B-00C04F79EFBC}") = "0204-Generic-Swap-Method-Integers", "0204-Generic-Swap-Method-Integers\0204-Generic-Swap-Method-Integers.csproj", "{BF0268B5-F9DB-41F6-AA64-78DCCA7304AC}"
EndProject
Project("{FAE04EC0-301F-11D3-BF4B-00C04F79EFBC}") = "0205-Generic-Count-Method-Strings", "0205-Generic-Count-Method-Strings\0205-Generic-Count-Method-Strings.csproj", "{8D6CEC9F-C6D5-4CBE-896D-D49416E98EC5}"
EndProject
Project("{FAE04EC0-301F-11D3-BF4B-00C04F79EFBC}") = "0206-Generic-Count-Method-Doubles", "0206-Generic-Count-Method-Doubles\0206-Generic-Count-Method-Doubles.csproj", "{07100A66-2A33-469C-BA1C-73B899D99752}"
EndProject
Project("{FAE04EC0-301F-11D3-BF4B-00C04F79EFBC}") = "0207-Custom-List", "0207-Custom-List\0207-Custom-List.csproj", "{48A61F54-3257-409B-8DC9-3F72FBE97A67}"
EndProject
Project("{FAE04EC0-301F-11D3-BF4B-00C04F79EFBC}") = "0208-Custom-List-Sorter", "0208-Custom-List-Sorter\0208-Custom-List-Sorter.csproj", "{5ED23790-4F03-409B-BB66-AE7A2C9DBA07}"
EndProject
Project("{FAE04EC0-301F-11D3-BF4B-00C04F79EFBC}") = "0209-Custom-List-Iterator", "0209-Custom-List-Iterator\0209-Custom-List-Iterator.csproj", "{D107802B-B6EB-4B42-A826-A3F20E9FEE36}"
EndProject
Project("{FAE04EC0-301F-11D3-BF4B-00C04F79EFBC}") = "0210-Tuple", "0210-Tuple\0210-Tuple.csproj", "{69BE62D4-B71A-4370-BCF6-53351E44B73A}"
EndProject
Project("{FAE04EC0-301F-11D3-BF4B-00C04F79EFBC}") = "0211-Threeuple", "0211-Threeuple\0211-Threeuple.csproj", "{90607CCA-A0FB-41D5-A582-5811B69DCA4F}"
EndProject
Global
	GlobalSection(SolutionConfigurationPlatforms) = preSolution
		Debug|Any CPU = Debug|Any CPU
		Release|Any CPU = Release|Any CPU
	EndGlobalSection
	GlobalSection(ProjectConfigurationPlatforms) = postSolution
		{8C230196-BF4A-4B60-879B-F654861B2630}.Debug|Any CPU.ActiveCfg = Debug|Any CPU
		{8C230196-BF4A-4B60-879B-F654861B2630}.Debug|Any CPU.Build.0 = Debug|Any CPU
		{8C230196-BF4A-4B60-879B-F654861B2630}.Release|Any CPU.ActiveCfg = Release|Any CPU
		{8C230196-BF4A-4B60-879B-F654861B2630}.Release|Any CPU.Build.0 = Release|Any CPU
		{DDE087E2-7577-40C1-A964-B4D8B68D05D0}.Debug|Any CPU.ActiveCfg = Debug|Any CPU
		{DDE087E2-7577-40C1-A964-B4D8B68D05D0}.Debug|Any CPU.Build.0 = Debug|Any CPU
		{DDE087E2-7577-40C1-A964-B4D8B68D05D0}.Release|Any CPU.ActiveCfg = Release|Any CPU
		{DDE087E2-7577-40C1-A964-B4D8B68D05D0}.Release|Any CPU.Build.0 = Release|Any CPU
		{B352499C-6670-452D-BCC6-43C0FDAF2E00}.Debug|Any CPU.ActiveCfg = Debug|Any CPU
		{B352499C-6670-452D-BCC6-43C0FDAF2E00}.Debug|Any CPU.Build.0 = Debug|Any CPU
		{B352499C-6670-452D-BCC6-43C0FDAF2E00}.Release|Any CPU.ActiveCfg = Release|Any CPU
		{B352499C-6670-452D-BCC6-43C0FDAF2E00}.Release|Any CPU.Build.0 = Release|Any CPU
		{EE80F46C-0650-4711-8AF9-49ED091D3AA6}.Debug|Any CPU.ActiveCfg = Debug|Any CPU
		{EE80F46C-0650-4711-8AF9-49ED091D3AA6}.Debug|Any CPU.Build.0 = Debug|Any CPU
		{EE80F46C-0650-4711-8AF9-49ED091D3AA6}.Release|Any CPU.ActiveCfg = Release|Any CPU
		{EE80F46C-0650-4711-8AF9-49ED091D3AA6}.Release|Any CPU.Build.0 = Release|Any CPU
		{BF0268B5-F9DB-41F6-AA64-78DCCA7304AC}.Debug|Any CPU.ActiveCfg = Debug|Any CPU
		{BF0268B5-F9DB-41F6-AA64-78DCCA7304AC}.Debug|Any CPU.Build.0 = Debug|Any CPU
		{BF0268B5-F9DB-41F6-AA64-78DCCA7304AC}.Release|Any CPU.ActiveCfg = Release|Any CPU
		{BF0268B5-F9DB-41F6-AA64-78DCCA7304AC}.Release|Any CPU.Build.0 = Release|Any CPU
		{8D6CEC9F-C6D5-4CBE-896D-D49416E98EC5}.Debug|Any CPU.ActiveCfg = Debug|Any CPU
		{8D6CEC9F-C6D5-4CBE-896D-D49416E98EC5}.Debug|Any CPU.Build.0 = Debug|Any CPU
		{8D6CEC9F-C6D5-4CBE-896D-D49416E98EC5}.Release|Any CPU.ActiveCfg = Release|Any CPU
		{8D6CEC9F-C6D5-4CBE-896D-D49416E98EC5}.Release|Any CPU.Build.0 = Release|Any CPU
		{07100A66-2A33-469C-BA1C-73B899D99752}.Debug|Any CPU.ActiveCfg = Debug|Any CPU
		{07100A66-2A33-469C-BA1C-73B899D99752}.Debug|Any CPU.Build.0 = Debug|Any CPU
		{07100A66-2A33-469C-BA1C-73B899D99752}.Release|Any CPU.ActiveCfg = Release|Any CPU
		{07100A66-2A33-469C-BA1C-73B899D99752}.Release|Any CPU.Build.0 = Release|Any CPU
		{48A61F54-3257-409B-8DC9-3F72FBE97A67}.Debug|Any CPU.ActiveCfg = Debug|Any CPU
		{48A61F54-3257-409B-8DC9-3F72FBE97A67}.Debug|Any CPU.Build.0 = Debug|Any CPU
		{48A61F54-3257-409B-8DC9-3F72FBE97A67}.Release|Any CPU.ActiveCfg = Release|Any CPU
		{48A61F54-3257-409B-8DC9-3F72FBE97A67}.Release|Any CPU.Build.0 = Release|Any CPU
		{5ED23790-4F03-409B-BB66-AE7A2C9DBA07}.Debug|Any CPU.ActiveCfg = Debug|Any CPU
		{5ED23790-4F03-409B-BB66-AE7A2C9DBA07}.Debug|Any CPU.Build.0 = Debug|Any CPU
		{5ED23790-4F03-409B-BB66-AE7A2C9DBA07}.Release|Any CPU.ActiveCfg = Release|Any CPU
		{5ED23790-4F03-409B-BB66-AE7A2C9DBA07}.Release|Any CPU.Build.0 = Release|Any CPU
		{D107802B-B6EB-4B42-A826-A3F20E9FEE36}.Debug|Any CPU.ActiveCfg = Debug|Any CPU
		{D107802B-B6EB-4B42-A826-A3F20E9FEE36}.Debug|Any CPU.Build.0 = Debug|Any CPU
		{D107802B-B6EB-4B42-A826-A3F20E9FEE36}.Release|Any CPU.ActiveCfg = Release|Any CPU
		{D107802B-B6EB-4B42-A826-A3F20E9FEE36}.Release|Any CPU.Build.0 = Release|Any CPU
		{69BE62D4-B71A-4370-BCF6-53351E44B73A}.Debug|Any CPU.ActiveCfg = Debug|Any CPU
		{69BE62D4-B71A-4370-BCF6-53351E44B73A}.Debug|Any CPU.Build.0 = Debug|Any CPU
		{69BE62D4-B71A-4370-BCF6-53351E44B73A}.Release|Any CPU.ActiveCfg = Release|Any CPU
		{69BE62D4-B71A-4370-BCF6-53351E44B73A}.Release|Any CPU.Build.0 = Release|Any CPU
		{90607CCA-A0FB-41D5-A582-5811B69DCA4F}.Debug|Any CPU.ActiveCfg = Debug|Any CPU
		{90607CCA-A0FB-41D5-A582-5811B69DCA4F}.Debug|Any CPU.Build.0 = Debug|Any CPU
		{90607CCA-A0FB-41D5-A582-5811B69DCA4F}.Release|Any CPU.ActiveCfg = Release|Any CPU
		{90607CCA-A0FB-41D5-A582-5811B69DCA4F}.Release|Any CPU.Build.0 = Release|Any CPU
	EndGlobalSection
	GlobalSection(SolutionProperties) = preSolution
		HideSolutionNode = FALSE
	EndGlobalSection
	GlobalSection(ExtensibilityGlobals) = postSolution
		SolutionGuid = {3B63420E-3288-45FE-9B75-5964BFF126A1}
	EndGlobalSection
EndGlobal
