
Microsoft Visual Studio Solution File, Format Version 12.00
# Visual Studio 15
VisualStudioVersion = 15.0.27004.2002
MinimumVisualStudioVersion = 10.0.40219.1
Project("{FAE04EC0-301F-11D3-BF4B-00C04F79EFBC}") = "ConsoleApp1", "ConsoleApp1\ConsoleApp1.csproj", "{A6149CA6-91A3-4899-BFEB-5386EA25D2A4}"
EndProject
Global
	GlobalSection(SolutionConfigurationPlatforms) = preSolution
		Debug|Any CPU = Debug|Any CPU
		Release|Any CPU = Release|Any CPU
	EndGlobalSection
	GlobalSection(ProjectConfigurationPlatforms) = postSolution
		{A6149CA6-91A3-4899-BFEB-5386EA25D2A4}.Debug|Any CPU.ActiveCfg = Debug|Any CPU
		{A6149CA6-91A3-4899-BFEB-5386EA25D2A4}.Debug|Any CPU.Build.0 = Debug|Any CPU
		{A6149CA6-91A3-4899-BFEB-5386EA25D2A4}.Release|Any CPU.ActiveCfg = Release|Any CPU
		{A6149CA6-91A3-4899-BFEB-5386EA25D2A4}.Release|Any CPU.Build.0 = Release|Any CPU
	EndGlobalSection
	GlobalSection(SolutionProperties) = preSolution
		HideSolutionNode = FALSE
	EndGlobalSection
	GlobalSection(ExtensibilityGlobals) = postSolution
		SolutionGuid = {3B63420E-3288-45FE-9B75-5964BFF126A1}
	EndGlobalSection
EndGlobal
