
Microsoft Visual Studio Solution File, Format Version 12.00
# Visual Studio 15
VisualStudioVersion = 15.0.27004.2002
MinimumVisualStudioVersion = 10.0.40219.1
Project("{FAE04EC0-301F-11D3-BF4B-00C04F79EFBC}") = "WildAnimalsVolunteers", "WildAnimalsVolunteers\WildAnimalsVolunteers.csproj", "{29BF7AD1-4A52-4A9D-9DD7-063854DF767A}"
EndProject
Project("{FAE04EC0-301F-11D3-BF4B-00C04F79EFBC}") = "WildAnimalsVolunteers.Tests", "WildAnimalsVolunteers.Tests\WildAnimalsVolunteers.Tests.csproj", "{E6D3B22E-E316-44FF-BA88-6D159B12F61F}"
EndProject
Project("{FAE04EC0-301F-11D3-BF4B-00C04F79EFBC}") = "ReflectionTester", "ReflectionTester\ReflectionTester.csproj", "{8FFE98D3-CFFD-4C58-9DDA-474882941306}"
EndProject
Global
	GlobalSection(SolutionConfigurationPlatforms) = preSolution
		Debug|Any CPU = Debug|Any CPU
		Release|Any CPU = Release|Any CPU
	EndGlobalSection
	GlobalSection(ProjectConfigurationPlatforms) = postSolution
		{29BF7AD1-4A52-4A9D-9DD7-063854DF767A}.Debug|Any CPU.ActiveCfg = Debug|Any CPU
		{29BF7AD1-4A52-4A9D-9DD7-063854DF767A}.Debug|Any CPU.Build.0 = Debug|Any CPU
		{29BF7AD1-4A52-4A9D-9DD7-063854DF767A}.Release|Any CPU.ActiveCfg = Release|Any CPU
		{29BF7AD1-4A52-4A9D-9DD7-063854DF767A}.Release|Any CPU.Build.0 = Release|Any CPU
		{E6D3B22E-E316-44FF-BA88-6D159B12F61F}.Debug|Any CPU.ActiveCfg = Debug|Any CPU
		{E6D3B22E-E316-44FF-BA88-6D159B12F61F}.Debug|Any CPU.Build.0 = Debug|Any CPU
		{E6D3B22E-E316-44FF-BA88-6D159B12F61F}.Release|Any CPU.ActiveCfg = Release|Any CPU
		{E6D3B22E-E316-44FF-BA88-6D159B12F61F}.Release|Any CPU.Build.0 = Release|Any CPU
		{8FFE98D3-CFFD-4C58-9DDA-474882941306}.Debug|Any CPU.ActiveCfg = Debug|Any CPU
		{8FFE98D3-CFFD-4C58-9DDA-474882941306}.Debug|Any CPU.Build.0 = Debug|Any CPU
		{8FFE98D3-CFFD-4C58-9DDA-474882941306}.Release|Any CPU.ActiveCfg = Release|Any CPU
		{8FFE98D3-CFFD-4C58-9DDA-474882941306}.Release|Any CPU.Build.0 = Release|Any CPU
	EndGlobalSection
	GlobalSection(SolutionProperties) = preSolution
		HideSolutionNode = FALSE
	EndGlobalSection
	GlobalSection(ExtensibilityGlobals) = postSolution
		SolutionGuid = {8C4317D5-6377-4F00-AEAE-C3C5C23A97F8}
	EndGlobalSection
EndGlobal
