
Microsoft Visual Studio Solution File, Format Version 12.00
# Visual Studio 15
VisualStudioVersion = 15.0.27004.2002
MinimumVisualStudioVersion = 10.0.40219.1
Project("{FAE04EC0-301F-11D3-BF4B-00C04F79EFBC}") = "UnitTestingBasics", "UnitTestingBasics\UnitTestingBasics.csproj", "{04363F14-9F1F-4E4F-A1C1-62C1CD645896}"
EndProject
Project("{FAE04EC0-301F-11D3-BF4B-00C04F79EFBC}") = "UnitTestingBasics.Tests", "UnitTestingBasics.Tests\UnitTestingBasics.Tests.csproj", "{A53FB9F9-75D6-46EB-BEAB-EF43E8D57B84}"
EndProject
Global
	GlobalSection(SolutionConfigurationPlatforms) = preSolution
		Debug|Any CPU = Debug|Any CPU
		Release|Any CPU = Release|Any CPU
	EndGlobalSection
	GlobalSection(ProjectConfigurationPlatforms) = postSolution
		{04363F14-9F1F-4E4F-A1C1-62C1CD645896}.Debug|Any CPU.ActiveCfg = Debug|Any CPU
		{04363F14-9F1F-4E4F-A1C1-62C1CD645896}.Debug|Any CPU.Build.0 = Debug|Any CPU
		{04363F14-9F1F-4E4F-A1C1-62C1CD645896}.Release|Any CPU.ActiveCfg = Release|Any CPU
		{04363F14-9F1F-4E4F-A1C1-62C1CD645896}.Release|Any CPU.Build.0 = Release|Any CPU
		{A53FB9F9-75D6-46EB-BEAB-EF43E8D57B84}.Debug|Any CPU.ActiveCfg = Debug|Any CPU
		{A53FB9F9-75D6-46EB-BEAB-EF43E8D57B84}.Debug|Any CPU.Build.0 = Debug|Any CPU
		{A53FB9F9-75D6-46EB-BEAB-EF43E8D57B84}.Release|Any CPU.ActiveCfg = Release|Any CPU
		{A53FB9F9-75D6-46EB-BEAB-EF43E8D57B84}.Release|Any CPU.Build.0 = Release|Any CPU
	EndGlobalSection
	GlobalSection(SolutionProperties) = preSolution
		HideSolutionNode = FALSE
	EndGlobalSection
	GlobalSection(ExtensibilityGlobals) = postSolution
		SolutionGuid = {EADA1BE1-BE4A-4EDF-ABB6-A54B165EB9B2}
	EndGlobalSection
EndGlobal
