
Microsoft Visual Studio Solution File, Format Version 12.00
# Visual Studio 15
VisualStudioVersion = 15.0.27004.2002
MinimumVisualStudioVersion = 10.0.40219.1
Project("{9A19103F-16F7-4668-BE54-9A1E7A4F7556}") = "0401-Harvesting-Fields", "0401-Harvesting-Fields\0401-Harvesting-Fields.csproj", "{B6CABCEF-974F-47CD-9549-55ECE668BE69}"
EndProject
Project("{9A19103F-16F7-4668-BE54-9A1E7A4F7556}") = "0402-Black-Box-Integer", "0402-Black-Box-Integer\0402-Black-Box-Integer.csproj", "{9478D416-1EDD-44F0-B493-F8B60060638E}"
EndProject
Project("{9A19103F-16F7-4668-BE54-9A1E7A4F7556}") = "0403-BarrackWars-A-New-Factory", "0403-BarrackWars-A-New-Factory\0403-BarrackWars-A-New-Factory.csproj", "{3273051E-5DA7-4464-99EE-39C8CBE7922E}"
EndProject
Project("{FAE04EC0-301F-11D3-BF4B-00C04F79EFBC}") = "0404-BarracksWars-The-Commands-Strike-Back", "0404-BarracksWars-The-Commands-Strike-Back\0404-BarracksWars-The-Commands-Strike-Back.csproj", "{680DC459-DC69-494F-B363-C9B2D2540321}"
EndProject
Project("{FAE04EC0-301F-11D3-BF4B-00C04F79EFBC}") = "0405-BarracksWars-Return-of-the-Dependencies", "0405-BarracksWars-Return-of-the-Dependencies\0405-BarracksWars-Return-of-the-Dependencies.csproj", "{9BAF9C29-B731-4547-A915-BC1A3EA81D24}"
EndProject
Global
	GlobalSection(SolutionConfigurationPlatforms) = preSolution
		Debug|Any CPU = Debug|Any CPU
		Release|Any CPU = Release|Any CPU
	EndGlobalSection
	GlobalSection(ProjectConfigurationPlatforms) = postSolution
		{B6CABCEF-974F-47CD-9549-55ECE668BE69}.Debug|Any CPU.ActiveCfg = Debug|Any CPU
		{B6CABCEF-974F-47CD-9549-55ECE668BE69}.Debug|Any CPU.Build.0 = Debug|Any CPU
		{B6CABCEF-974F-47CD-9549-55ECE668BE69}.Release|Any CPU.ActiveCfg = Release|Any CPU
		{B6CABCEF-974F-47CD-9549-55ECE668BE69}.Release|Any CPU.Build.0 = Release|Any CPU
		{9478D416-1EDD-44F0-B493-F8B60060638E}.Debug|Any CPU.ActiveCfg = Debug|Any CPU
		{9478D416-1EDD-44F0-B493-F8B60060638E}.Debug|Any CPU.Build.0 = Debug|Any CPU
		{9478D416-1EDD-44F0-B493-F8B60060638E}.Release|Any CPU.ActiveCfg = Release|Any CPU
		{9478D416-1EDD-44F0-B493-F8B60060638E}.Release|Any CPU.Build.0 = Release|Any CPU
		{3273051E-5DA7-4464-99EE-39C8CBE7922E}.Debug|Any CPU.ActiveCfg = Debug|Any CPU
		{3273051E-5DA7-4464-99EE-39C8CBE7922E}.Debug|Any CPU.Build.0 = Debug|Any CPU
		{3273051E-5DA7-4464-99EE-39C8CBE7922E}.Release|Any CPU.ActiveCfg = Release|Any CPU
		{3273051E-5DA7-4464-99EE-39C8CBE7922E}.Release|Any CPU.Build.0 = Release|Any CPU
		{680DC459-DC69-494F-B363-C9B2D2540321}.Debug|Any CPU.ActiveCfg = Debug|Any CPU
		{680DC459-DC69-494F-B363-C9B2D2540321}.Debug|Any CPU.Build.0 = Debug|Any CPU
		{680DC459-DC69-494F-B363-C9B2D2540321}.Release|Any CPU.ActiveCfg = Release|Any CPU
		{680DC459-DC69-494F-B363-C9B2D2540321}.Release|Any CPU.Build.0 = Release|Any CPU
		{9BAF9C29-B731-4547-A915-BC1A3EA81D24}.Debug|Any CPU.ActiveCfg = Debug|Any CPU
		{9BAF9C29-B731-4547-A915-BC1A3EA81D24}.Debug|Any CPU.Build.0 = Debug|Any CPU
		{9BAF9C29-B731-4547-A915-BC1A3EA81D24}.Release|Any CPU.ActiveCfg = Release|Any CPU
		{9BAF9C29-B731-4547-A915-BC1A3EA81D24}.Release|Any CPU.Build.0 = Release|Any CPU
	EndGlobalSection
	GlobalSection(SolutionProperties) = preSolution
		HideSolutionNode = FALSE
	EndGlobalSection
	GlobalSection(ExtensibilityGlobals) = postSolution
		SolutionGuid = {2B94C3A3-F372-4BDC-998E-6E478FD0800E}
	EndGlobalSection
EndGlobal
