
Microsoft Visual Studio Solution File, Format Version 12.00
# Visual Studio 15
VisualStudioVersion = 15.0.27004.2002
MinimumVisualStudioVersion = 10.0.40219.1
Project("{9A19103F-16F7-4668-BE54-9A1E7A4F7556}") = "0601-Event-Inplementation", "0601-Event-Inplementation\0601-Event-Inplementation.csproj", "{59D9315E-B05C-48D9-9672-058AFB68CFF4}"
EndProject
Project("{9A19103F-16F7-4668-BE54-9A1E7A4F7556}") = "0602-Kings-Gambit", "0602-Kings-Gambit\0602-Kings-Gambit.csproj", "{8482D18A-0076-4460-9B7B-B74F31DC0A4F}"
EndProject
Project("{FAE04EC0-301F-11D3-BF4B-00C04F79EFBC}") = "0603-Dependency-Inversion", "0603-Dependency-Inversion\0603-Dependency-Inversion.csproj", "{F8B1C9F9-9086-4F04-9734-634ED05DEF8C}"
EndProject
Global
	GlobalSection(SolutionConfigurationPlatforms) = preSolution
		Debug|Any CPU = Debug|Any CPU
		Release|Any CPU = Release|Any CPU
	EndGlobalSection
	GlobalSection(ProjectConfigurationPlatforms) = postSolution
		{59D9315E-B05C-48D9-9672-058AFB68CFF4}.Debug|Any CPU.ActiveCfg = Debug|Any CPU
		{59D9315E-B05C-48D9-9672-058AFB68CFF4}.Debug|Any CPU.Build.0 = Debug|Any CPU
		{59D9315E-B05C-48D9-9672-058AFB68CFF4}.Release|Any CPU.ActiveCfg = Release|Any CPU
		{59D9315E-B05C-48D9-9672-058AFB68CFF4}.Release|Any CPU.Build.0 = Release|Any CPU
		{8482D18A-0076-4460-9B7B-B74F31DC0A4F}.Debug|Any CPU.ActiveCfg = Debug|Any CPU
		{8482D18A-0076-4460-9B7B-B74F31DC0A4F}.Debug|Any CPU.Build.0 = Debug|Any CPU
		{8482D18A-0076-4460-9B7B-B74F31DC0A4F}.Release|Any CPU.ActiveCfg = Release|Any CPU
		{8482D18A-0076-4460-9B7B-B74F31DC0A4F}.Release|Any CPU.Build.0 = Release|Any CPU
		{F8B1C9F9-9086-4F04-9734-634ED05DEF8C}.Debug|Any CPU.ActiveCfg = Debug|Any CPU
		{F8B1C9F9-9086-4F04-9734-634ED05DEF8C}.Debug|Any CPU.Build.0 = Debug|Any CPU
		{F8B1C9F9-9086-4F04-9734-634ED05DEF8C}.Release|Any CPU.ActiveCfg = Release|Any CPU
		{F8B1C9F9-9086-4F04-9734-634ED05DEF8C}.Release|Any CPU.Build.0 = Release|Any CPU
	EndGlobalSection
	GlobalSection(SolutionProperties) = preSolution
		HideSolutionNode = FALSE
	EndGlobalSection
	GlobalSection(ExtensibilityGlobals) = postSolution
		SolutionGuid = {E5FAE2DC-124A-4A44-BFA3-B188A725B3C6}
	EndGlobalSection
EndGlobal
